
Microsoft Visual Studio Solution File, Format Version 12.00
# Visual Studio Version 17
VisualStudioVersion = 17.0.31903.59
MinimumVisualStudioVersion = 10.0.40219.1
Project("{9A19103F-16F7-4668-BE54-9A1E7A4F7556}") = "BuberDinner.Api", "BuberDinner.Api\BuberDinner.Api.csproj", "{1E807672-72A2-4208-A695-DCBF667FCC8D}"
EndProject
Project("{9A19103F-16F7-4668-BE54-9A1E7A4F7556}") = "BuberDinner.Contracts", "BuberDinner.Cotracts\BuberDinner.Contracts.csproj", "{13B6DE40-1039-4E33-B52F-F702E9CF5F86}"
EndProject
Project("{9A19103F-16F7-4668-BE54-9A1E7A4F7556}") = "BuberDinner.Domain", "BuberDinner.Domain\BuberDinner.Domain.csproj", "{2E6D3795-D033-4933-973D-7AC5FC01E817}"
EndProject
Project("{9A19103F-16F7-4668-BE54-9A1E7A4F7556}") = "BuberDinner.Application", "BuberDinner.Application\BuberDinner.Application.csproj", "{9F2E588D-085D-468D-BFE9-955C3F5BABBE}"
EndProject
Project("{9A19103F-16F7-4668-BE54-9A1E7A4F7556}") = "BuberDinner.Infrastructure", "BuberDinner.Infrastructure\BuberDinner.Infrastructure.csproj", "{E8EEA4FA-CF73-4EBA-B8F3-EAEF82AE535C}"
EndProject
Global
	GlobalSection(SolutionConfigurationPlatforms) = preSolution
		Debug|Any CPU = Debug|Any CPU
		Release|Any CPU = Release|Any CPU
	EndGlobalSection
	GlobalSection(ProjectConfigurationPlatforms) = postSolution
		{1E807672-72A2-4208-A695-DCBF667FCC8D}.Debug|Any CPU.ActiveCfg = Debug|Any CPU
		{1E807672-72A2-4208-A695-DCBF667FCC8D}.Debug|Any CPU.Build.0 = Debug|Any CPU
		{1E807672-72A2-4208-A695-DCBF667FCC8D}.Release|Any CPU.ActiveCfg = Release|Any CPU
		{1E807672-72A2-4208-A695-DCBF667FCC8D}.Release|Any CPU.Build.0 = Release|Any CPU
		{13B6DE40-1039-4E33-B52F-F702E9CF5F86}.Debug|Any CPU.ActiveCfg = Debug|Any CPU
		{13B6DE40-1039-4E33-B52F-F702E9CF5F86}.Debug|Any CPU.Build.0 = Debug|Any CPU
		{13B6DE40-1039-4E33-B52F-F702E9CF5F86}.Release|Any CPU.ActiveCfg = Release|Any CPU
		{13B6DE40-1039-4E33-B52F-F702E9CF5F86}.Release|Any CPU.Build.0 = Release|Any CPU
		{2E6D3795-D033-4933-973D-7AC5FC01E817}.Debug|Any CPU.ActiveCfg = Debug|Any CPU
		{2E6D3795-D033-4933-973D-7AC5FC01E817}.Debug|Any CPU.Build.0 = Debug|Any CPU
		{2E6D3795-D033-4933-973D-7AC5FC01E817}.Release|Any CPU.ActiveCfg = Release|Any CPU
		{2E6D3795-D033-4933-973D-7AC5FC01E817}.Release|Any CPU.Build.0 = Release|Any CPU
		{9F2E588D-085D-468D-BFE9-955C3F5BABBE}.Debug|Any CPU.ActiveCfg = Debug|Any CPU
		{9F2E588D-085D-468D-BFE9-955C3F5BABBE}.Debug|Any CPU.Build.0 = Debug|Any CPU
		{9F2E588D-085D-468D-BFE9-955C3F5BABBE}.Release|Any CPU.ActiveCfg = Release|Any CPU
		{9F2E588D-085D-468D-BFE9-955C3F5BABBE}.Release|Any CPU.Build.0 = Release|Any CPU
		{E8EEA4FA-CF73-4EBA-B8F3-EAEF82AE535C}.Debug|Any CPU.ActiveCfg = Debug|Any CPU
		{E8EEA4FA-CF73-4EBA-B8F3-EAEF82AE535C}.Debug|Any CPU.Build.0 = Debug|Any CPU
		{E8EEA4FA-CF73-4EBA-B8F3-EAEF82AE535C}.Release|Any CPU.ActiveCfg = Release|Any CPU
		{E8EEA4FA-CF73-4EBA-B8F3-EAEF82AE535C}.Release|Any CPU.Build.0 = Release|Any CPU
	EndGlobalSection
	GlobalSection(SolutionProperties) = preSolution
		HideSolutionNode = FALSE
	EndGlobalSection
EndGlobal
